
Microsoft Visual Studio Solution File, Format Version 12.00
# Visual Studio Version 17
VisualStudioVersion = 17.7.34031.279
MinimumVisualStudioVersion = 10.0.40219.1
Project("{2150E333-8FDC-42A3-9474-1A3956D46DE8}") = "src", "src", "{CB9BC3B1-8648-4DB6-87F5-80329ABAA9AA}"
EndProject
Project("{2150E333-8FDC-42A3-9474-1A3956D46DE8}") = "test", "test", "{0C100AC3-6A64-4193-BE7F-3DE673AFD476}"
EndProject
Project("{9A19103F-16F7-4668-BE54-9A1E7A4F7556}") = "Smartwyre.DeveloperTest", "src\Smartwyre.DeveloperTest\Smartwyre.DeveloperTest.csproj", "{0DF4B3B7-19F1-490C-9F1F-AB8AA6379799}"
EndProject
Project("{9A19103F-16F7-4668-BE54-9A1E7A4F7556}") = "Smartwyre.DeveloperTest.Tests", "test\Smartwyre.DeveloperTest.Tests\Smartwyre.DeveloperTest.Tests.csproj", "{70BC92AA-D524-4AAD-AA7A-02BE0B6AE90F}"
EndProject
Global
	GlobalSection(SolutionConfigurationPlatforms) = preSolution
		Debug|Any CPU = Debug|Any CPU
		Release|Any CPU = Release|Any CPU
	EndGlobalSection
	GlobalSection(ProjectConfigurationPlatforms) = postSolution
		{0DF4B3B7-19F1-490C-9F1F-AB8AA6379799}.Debug|Any CPU.ActiveCfg = Debug|Any CPU
		{0DF4B3B7-19F1-490C-9F1F-AB8AA6379799}.Debug|Any CPU.Build.0 = Debug|Any CPU
		{0DF4B3B7-19F1-490C-9F1F-AB8AA6379799}.Release|Any CPU.ActiveCfg = Release|Any CPU
		{0DF4B3B7-19F1-490C-9F1F-AB8AA6379799}.Release|Any CPU.Build.0 = Release|Any CPU
		{70BC92AA-D524-4AAD-AA7A-02BE0B6AE90F}.Debug|Any CPU.ActiveCfg = Debug|Any CPU
		{70BC92AA-D524-4AAD-AA7A-02BE0B6AE90F}.Debug|Any CPU.Build.0 = Debug|Any CPU
		{70BC92AA-D524-4AAD-AA7A-02BE0B6AE90F}.Release|Any CPU.ActiveCfg = Release|Any CPU
		{70BC92AA-D524-4AAD-AA7A-02BE0B6AE90F}.Release|Any CPU.Build.0 = Release|Any CPU
	EndGlobalSection
	GlobalSection(SolutionProperties) = preSolution
		HideSolutionNode = FALSE
	EndGlobalSection
	GlobalSection(NestedProjects) = preSolution
		{0DF4B3B7-19F1-490C-9F1F-AB8AA6379799} = {CB9BC3B1-8648-4DB6-87F5-80329ABAA9AA}
		{70BC92AA-D524-4AAD-AA7A-02BE0B6AE90F} = {0C100AC3-6A64-4193-BE7F-3DE673AFD476}
	EndGlobalSection
	GlobalSection(ExtensibilityGlobals) = postSolution
		SolutionGuid = {F32040E7-7095-4E1A-BB8A-69CC48FF57B2}
	EndGlobalSection
EndGlobal
